
Microsoft Visual Studio Solution File, Format Version 12.00
# Visual Studio Version 16
VisualStudioVersion = 16.0.30204.135
MinimumVisualStudioVersion = 10.0.40219.1
Project("{FAE04EC0-301F-11D3-BF4B-00C04F79EFBC}") = "WEBRequest", "WEBRequest\WEBRequest.csproj", "{FA38EFCB-0CFA-4A5B-A0CC-63AAA6688909}"
EndProject
Global
	GlobalSection(SolutionConfigurationPlatforms) = preSolution
		Debug|Any CPU = Debug|Any CPU
		Release|Any CPU = Release|Any CPU
	EndGlobalSection
	GlobalSection(ProjectConfigurationPlatforms) = postSolution
		{FA38EFCB-0CFA-4A5B-A0CC-63AAA6688909}.Debug|Any CPU.ActiveCfg = Debug|Any CPU
		{FA38EFCB-0CFA-4A5B-A0CC-63AAA6688909}.Debug|Any CPU.Build.0 = Debug|Any CPU
		{FA38EFCB-0CFA-4A5B-A0CC-63AAA6688909}.Release|Any CPU.ActiveCfg = Release|Any CPU
		{FA38EFCB-0CFA-4A5B-A0CC-63AAA6688909}.Release|Any CPU.Build.0 = Release|Any CPU
	EndGlobalSection
	GlobalSection(SolutionProperties) = preSolution
		HideSolutionNode = FALSE
	EndGlobalSection
	GlobalSection(ExtensibilityGlobals) = postSolution
		SolutionGuid = {CFF06238-9536-4502-A669-2395A4AA643A}
	EndGlobalSection
EndGlobal
